// !$*UTF8*$!
{
	archiveVersion = 1;
	classes = {
	};
	objectVersion = 56;
	objects = {

/* Begin PBXBuildFile section */
		C42DD7B82A7AF05400D8A0EC /* UITableView+Extensions.swift in Sources */ = {isa = PBXBuildFile; fileRef = C42DD7B72A7AF05400D8A0EC /* UITableView+Extensions.swift */; };
		C42DD7BE2A7AF64B00D8A0EC /* HomeTableViewCell.swift in Sources */ = {isa = PBXBuildFile; fileRef = C42DD7BC2A7AF64B00D8A0EC /* HomeTableViewCell.swift */; };
		C42DD7BF2A7AF64B00D8A0EC /* HomeTableViewCell.xib in Resources */ = {isa = PBXBuildFile; fileRef = C42DD7BD2A7AF64B00D8A0EC /* HomeTableViewCell.xib */; };
		C42DD7C12A7AFB7300D8A0EC /* UICollectionView.swift in Sources */ = {isa = PBXBuildFile; fileRef = C42DD7C02A7AFB7300D8A0EC /* UICollectionView.swift */; };
		C444311F2A5D574200625723 /* MainViewModel.swift in Sources */ = {isa = PBXBuildFile; fileRef = C444311E2A5D574200625723 /* MainViewModel.swift */; };
		C46B88302A5C70F600F3F3DE /* AppDelegate.swift in Sources */ = {isa = PBXBuildFile; fileRef = C46B882F2A5C70F600F3F3DE /* AppDelegate.swift */; };
		C46B88392A5C70F800F3F3DE /* Assets.xcassets in Resources */ = {isa = PBXBuildFile; fileRef = C46B88382A5C70F800F3F3DE /* Assets.xcassets */; };
		C46B883C2A5C70F800F3F3DE /* LaunchScreen.storyboard in Resources */ = {isa = PBXBuildFile; fileRef = C46B883A2A5C70F800F3F3DE /* LaunchScreen.storyboard */; };
		C46B88452A5C720900F3F3DE /* MainTabBarViewController.swift in Sources */ = {isa = PBXBuildFile; fileRef = C46B88442A5C720900F3F3DE /* MainTabBarViewController.swift */; };
		C46D17732A73D84B008E6077 /* CoordinatorProtocol.swift in Sources */ = {isa = PBXBuildFile; fileRef = C46D17722A73D84B008E6077 /* CoordinatorProtocol.swift */; };
		C46D17772A73D89F008E6077 /* NavigationProtocol.swift in Sources */ = {isa = PBXBuildFile; fileRef = C46D17762A73D89F008E6077 /* NavigationProtocol.swift */; };
		C46D177B2A73D927008E6077 /* NavigationImp.swift in Sources */ = {isa = PBXBuildFile; fileRef = C46D177A2A73D927008E6077 /* NavigationImp.swift */; };
		C46D177D2A73D9FD008E6077 /* NavigationImp+NavigationProtocol.swift in Sources */ = {isa = PBXBuildFile; fileRef = C46D177C2A73D9FD008E6077 /* NavigationImp+NavigationProtocol.swift */; };
		C46D17802A73DA7C008E6077 /* NavigationImp+UINavigationControllerDelegate.swift in Sources */ = {isa = PBXBuildFile; fileRef = C46D177F2A73DA7C008E6077 /* NavigationImp+UINavigationControllerDelegate.swift */; };
		C46D17832A73DAE2008E6077 /* NavigationImp+UIAdaptivePresentationControllerDelegate.swift in Sources */ = {isa = PBXBuildFile; fileRef = C46D17822A73DAE2008E6077 /* NavigationImp+UIAdaptivePresentationControllerDelegate.swift */; };
		C46D17862A73DB78008E6077 /* ParentCoordinatorr.swift in Sources */ = {isa = PBXBuildFile; fileRef = C46D17852A73DB78008E6077 /* ParentCoordinatorr.swift */; };
		C46D17892A73DCD7008E6077 /* AppCoordinator.swift in Sources */ = {isa = PBXBuildFile; fileRef = C46D17882A73DCD7008E6077 /* AppCoordinator.swift */; };
		C46D178D2A742E05008E6077 /* AppFactory.swift in Sources */ = {isa = PBXBuildFile; fileRef = C46D178C2A742E05008E6077 /* AppFactory.swift */; };
		C46D17902A742EC5008E6077 /* MainTabBarCoordinator.swift in Sources */ = {isa = PBXBuildFile; fileRef = C46D178F2A742EC5008E6077 /* MainTabBarCoordinator.swift */; };
		C46D17932A743118008E6077 /* MainTabBarFactory.swift in Sources */ = {isa = PBXBuildFile; fileRef = C46D17922A743118008E6077 /* MainTabBarFactory.swift */; };
		C46D17962A743846008E6077 /* HomeCoordinator.swift in Sources */ = {isa = PBXBuildFile; fileRef = C46D17952A743846008E6077 /* HomeCoordinator.swift */; };
		C46D17982A7438C7008E6077 /* HomeFactory.swift in Sources */ = {isa = PBXBuildFile; fileRef = C46D17972A7438C7008E6077 /* HomeFactory.swift */; };
		C46D179C2A743C04008E6077 /* ItemTabBarFactory.swift in Sources */ = {isa = PBXBuildFile; fileRef = C46D179B2A743C04008E6077 /* ItemTabBarFactory.swift */; };
		C46D179F2A743F82008E6077 /* ComingSoonFactory.swift in Sources */ = {isa = PBXBuildFile; fileRef = C46D179E2A743F82008E6077 /* ComingSoonFactory.swift */; };
		C46D17A22A74431B008E6077 /* ComingSoonCoordinator.swift in Sources */ = {isa = PBXBuildFile; fileRef = C46D17A12A74431B008E6077 /* ComingSoonCoordinator.swift */; };
		C46D17A42A744A35008E6077 /* ItemTabBar.swift in Sources */ = {isa = PBXBuildFile; fileRef = C46D17A32A744A35008E6077 /* ItemTabBar.swift */; };
		C46D17A72A744E93008E6077 /* SearchCoordinator.swift in Sources */ = {isa = PBXBuildFile; fileRef = C46D17A62A744E93008E6077 /* SearchCoordinator.swift */; };
		C46D17AA2A744EE9008E6077 /* SearchFactory.swift in Sources */ = {isa = PBXBuildFile; fileRef = C46D17A92A744EE9008E6077 /* SearchFactory.swift */; };
		C46D17AD2A7450D0008E6077 /* DownloadCoordinator.swift in Sources */ = {isa = PBXBuildFile; fileRef = C46D17AC2A7450D0008E6077 /* DownloadCoordinator.swift */; };
		C46D17B02A745108008E6077 /* DownloadFactory.swift in Sources */ = {isa = PBXBuildFile; fileRef = C46D17AF2A745108008E6077 /* DownloadFactory.swift */; };
		C47CE8602A5EEB4C00E43E63 /* UpcomingViewController.swift in Sources */ = {isa = PBXBuildFile; fileRef = C47CE85F2A5EEB4C00E43E63 /* UpcomingViewController.swift */; };
		C47CE8632A5EEBE200E43E63 /* SearchView.swift in Sources */ = {isa = PBXBuildFile; fileRef = C47CE8622A5EEBE200E43E63 /* SearchView.swift */; };
		C47CE8652A5EEC2200E43E63 /* SearchView.xib in Resources */ = {isa = PBXBuildFile; fileRef = C47CE8642A5EEC2200E43E63 /* SearchView.xib */; };
		C47CE8682A5EEC5C00E43E63 /* SearchViewController.swift in Sources */ = {isa = PBXBuildFile; fileRef = C47CE8672A5EEC5C00E43E63 /* SearchViewController.swift */; };
		C47CE86B2A5EED1C00E43E63 /* DownloadView.swift in Sources */ = {isa = PBXBuildFile; fileRef = C47CE86A2A5EED1C00E43E63 /* DownloadView.swift */; };
		C47CE86D2A5EED4100E43E63 /* DownloadView.xib in Resources */ = {isa = PBXBuildFile; fileRef = C47CE86C2A5EED4100E43E63 /* DownloadView.xib */; };
		C47CE8702A5EED7900E43E63 /* DownloadViewController.swift in Sources */ = {isa = PBXBuildFile; fileRef = C47CE86F2A5EED7900E43E63 /* DownloadViewController.swift */; };
		C4808D302A83F03F00BF441B /* HomeCollectionViewCell.swift in Sources */ = {isa = PBXBuildFile; fileRef = C4808D2E2A83F03F00BF441B /* HomeCollectionViewCell.swift */; };
		C4808D312A83F03F00BF441B /* HomeCollectionViewCell.xib in Resources */ = {isa = PBXBuildFile; fileRef = C4808D2F2A83F03F00BF441B /* HomeCollectionViewCell.xib */; };
		C4808D342A83F23A00BF441B /* SDWebImage in Frameworks */ = {isa = PBXBuildFile; productRef = C4808D332A83F23A00BF441B /* SDWebImage */; };
		C4808D362A83F23A00BF441B /* SDWebImageMapKit in Frameworks */ = {isa = PBXBuildFile; productRef = C4808D352A83F23A00BF441B /* SDWebImageMapKit */; };
		C487F9D52A7E4C8000D8CD04 /* BaseNetworkService.swift in Sources */ = {isa = PBXBuildFile; fileRef = C487F9D42A7E4C8000D8CD04 /* BaseNetworkService.swift */; };
		C487F9D72A7E4FCA00D8CD04 /* MoviesResponse.swift in Sources */ = {isa = PBXBuildFile; fileRef = C487F9D62A7E4FCA00D8CD04 /* MoviesResponse.swift */; };
		C499816E2A7CFDEB00DAEA0E /* HeroHeaderView.swift in Sources */ = {isa = PBXBuildFile; fileRef = C499816D2A7CFDEB00DAEA0E /* HeroHeaderView.swift */; };
		C49981702A7CFF4300DAEA0E /* HeroHeaderView.xib in Resources */ = {isa = PBXBuildFile; fileRef = C499816F2A7CFF4300DAEA0E /* HeroHeaderView.xib */; };
		C49981732A7D3B1C00DAEA0E /* AppConstants.swift in Sources */ = {isa = PBXBuildFile; fileRef = C49981722A7D3B1C00DAEA0E /* AppConstants.swift */; };
		C4BB7DA32A8A45C700500FB8 /* UpcomingTableViewCell.swift in Sources */ = {isa = PBXBuildFile; fileRef = C4BB7DA12A8A45C700500FB8 /* UpcomingTableViewCell.swift */; };
		C4BB7DA42A8A45C700500FB8 /* UpcomingTableViewCell.xib in Resources */ = {isa = PBXBuildFile; fileRef = C4BB7DA22A8A45C700500FB8 /* UpcomingTableViewCell.xib */; };
		C4BB7DA92A8A8F8A00500FB8 /* SearchResultViewController.swift in Sources */ = {isa = PBXBuildFile; fileRef = C4BB7DA82A8A8F8A00500FB8 /* SearchResultViewController.swift */; };
		C4BB7DCE2A8B911D00500FB8 /* SearchResultView.swift in Sources */ = {isa = PBXBuildFile; fileRef = C4BB7DCD2A8B911D00500FB8 /* SearchResultView.swift */; };
		C4BB7DD02A8B915E00500FB8 /* SearchResultView.xib in Resources */ = {isa = PBXBuildFile; fileRef = C4BB7DCF2A8B915E00500FB8 /* SearchResultView.xib */; };
		C4D27FA42A7FA682001DAADE /* String+Extensions.swift in Sources */ = {isa = PBXBuildFile; fileRef = C4D27FA32A7FA682001DAADE /* String+Extensions.swift */; };
		C4D27FA82A81806B001DAADE /* Route.swift in Sources */ = {isa = PBXBuildFile; fileRef = C4D27FA72A81806B001DAADE /* Route.swift */; };
		C4D27FAA2A818158001DAADE /* Method.swift in Sources */ = {isa = PBXBuildFile; fileRef = C4D27FA92A818158001DAADE /* Method.swift */; };
		C4D27FAC2A8181AD001DAADE /* AppError.swift in Sources */ = {isa = PBXBuildFile; fileRef = C4D27FAB2A8181AD001DAADE /* AppError.swift */; };
		C4F112322A850EDF00F246B7 /* MoviesNetwork.swift in Sources */ = {isa = PBXBuildFile; fileRef = C4F112312A850EDF00F246B7 /* MoviesNetwork.swift */; };
		C4F5865B2A5EE90C0066BA58 /* HomeViewController.swift in Sources */ = {isa = PBXBuildFile; fileRef = C4F5865A2A5EE90C0066BA58 /* HomeViewController.swift */; };
		C4F5865E2A5EE9B10066BA58 /* HomeView.swift in Sources */ = {isa = PBXBuildFile; fileRef = C4F5865D2A5EE9B10066BA58 /* HomeView.swift */; };
		C4F586602A5EE9F80066BA58 /* HomeView.xib in Resources */ = {isa = PBXBuildFile; fileRef = C4F5865F2A5EE9F80066BA58 /* HomeView.xib */; };
		C4F586632A5EEA990066BA58 /* UpcomingView.swift in Sources */ = {isa = PBXBuildFile; fileRef = C4F586622A5EEA990066BA58 /* UpcomingView.swift */; };
		C4F586652A5EEAC10066BA58 /* UpcomingView.xib in Resources */ = {isa = PBXBuildFile; fileRef = C4F586642A5EEAC10066BA58 /* UpcomingView.xib */; };
/* End PBXBuildFile section */

/* Begin PBXFileReference section */
		C42DD7B72A7AF05400D8A0EC /* UITableView+Extensions.swift */ = {isa = PBXFileReference; lastKnownFileType = sourcecode.swift; path = "UITableView+Extensions.swift"; sourceTree = "<group>"; };
		C42DD7BC2A7AF64B00D8A0EC /* HomeTableViewCell.swift */ = {isa = PBXFileReference; lastKnownFileType = sourcecode.swift; path = HomeTableViewCell.swift; sourceTree = "<group>"; };
		C42DD7BD2A7AF64B00D8A0EC /* HomeTableViewCell.xib */ = {isa = PBXFileReference; lastKnownFileType = file.xib; path = HomeTableViewCell.xib; sourceTree = "<group>"; };
		C42DD7C02A7AFB7300D8A0EC /* UICollectionView.swift */ = {isa = PBXFileReference; lastKnownFileType = sourcecode.swift; path = UICollectionView.swift; sourceTree = "<group>"; };
		C444311E2A5D574200625723 /* MainViewModel.swift */ = {isa = PBXFileReference; lastKnownFileType = sourcecode.swift; path = MainViewModel.swift; sourceTree = "<group>"; };
		C46B882C2A5C70F600F3F3DE /* MovieTrending.app */ = {isa = PBXFileReference; explicitFileType = wrapper.application; includeInIndex = 0; path = MovieTrending.app; sourceTree = BUILT_PRODUCTS_DIR; };
		C46B882F2A5C70F600F3F3DE /* AppDelegate.swift */ = {isa = PBXFileReference; lastKnownFileType = sourcecode.swift; path = AppDelegate.swift; sourceTree = "<group>"; };
		C46B88382A5C70F800F3F3DE /* Assets.xcassets */ = {isa = PBXFileReference; lastKnownFileType = folder.assetcatalog; path = Assets.xcassets; sourceTree = "<group>"; };
		C46B883B2A5C70F800F3F3DE /* Base */ = {isa = PBXFileReference; lastKnownFileType = file.storyboard; name = Base; path = Base.lproj/LaunchScreen.storyboard; sourceTree = "<group>"; };
		C46B883D2A5C70F800F3F3DE /* Info.plist */ = {isa = PBXFileReference; lastKnownFileType = text.plist.xml; path = Info.plist; sourceTree = "<group>"; };
		C46B88442A5C720900F3F3DE /* MainTabBarViewController.swift */ = {isa = PBXFileReference; lastKnownFileType = sourcecode.swift; path = MainTabBarViewController.swift; sourceTree = "<group>"; };
		C46D17722A73D84B008E6077 /* CoordinatorProtocol.swift */ = {isa = PBXFileReference; lastKnownFileType = sourcecode.swift; path = CoordinatorProtocol.swift; sourceTree = "<group>"; };
		C46D17762A73D89F008E6077 /* NavigationProtocol.swift */ = {isa = PBXFileReference; lastKnownFileType = sourcecode.swift; path = NavigationProtocol.swift; sourceTree = "<group>"; };
		C46D177A2A73D927008E6077 /* NavigationImp.swift */ = {isa = PBXFileReference; lastKnownFileType = sourcecode.swift; path = NavigationImp.swift; sourceTree = "<group>"; };
		C46D177C2A73D9FD008E6077 /* NavigationImp+NavigationProtocol.swift */ = {isa = PBXFileReference; lastKnownFileType = sourcecode.swift; path = "NavigationImp+NavigationProtocol.swift"; sourceTree = "<group>"; };
		C46D177F2A73DA7C008E6077 /* NavigationImp+UINavigationControllerDelegate.swift */ = {isa = PBXFileReference; lastKnownFileType = sourcecode.swift; path = "NavigationImp+UINavigationControllerDelegate.swift"; sourceTree = "<group>"; };
		C46D17822A73DAE2008E6077 /* NavigationImp+UIAdaptivePresentationControllerDelegate.swift */ = {isa = PBXFileReference; lastKnownFileType = sourcecode.swift; path = "NavigationImp+UIAdaptivePresentationControllerDelegate.swift"; sourceTree = "<group>"; };
		C46D17852A73DB78008E6077 /* ParentCoordinatorr.swift */ = {isa = PBXFileReference; lastKnownFileType = sourcecode.swift; path = ParentCoordinatorr.swift; sourceTree = "<group>"; };
		C46D17882A73DCD7008E6077 /* AppCoordinator.swift */ = {isa = PBXFileReference; lastKnownFileType = sourcecode.swift; path = AppCoordinator.swift; sourceTree = "<group>"; };
		C46D178C2A742E05008E6077 /* AppFactory.swift */ = {isa = PBXFileReference; lastKnownFileType = sourcecode.swift; path = AppFactory.swift; sourceTree = "<group>"; };
		C46D178F2A742EC5008E6077 /* MainTabBarCoordinator.swift */ = {isa = PBXFileReference; lastKnownFileType = sourcecode.swift; path = MainTabBarCoordinator.swift; sourceTree = "<group>"; };
		C46D17922A743118008E6077 /* MainTabBarFactory.swift */ = {isa = PBXFileReference; lastKnownFileType = sourcecode.swift; path = MainTabBarFactory.swift; sourceTree = "<group>"; };
		C46D17952A743846008E6077 /* HomeCoordinator.swift */ = {isa = PBXFileReference; lastKnownFileType = sourcecode.swift; path = HomeCoordinator.swift; sourceTree = "<group>"; };
		C46D17972A7438C7008E6077 /* HomeFactory.swift */ = {isa = PBXFileReference; lastKnownFileType = sourcecode.swift; path = HomeFactory.swift; sourceTree = "<group>"; };
		C46D179B2A743C04008E6077 /* ItemTabBarFactory.swift */ = {isa = PBXFileReference; lastKnownFileType = sourcecode.swift; path = ItemTabBarFactory.swift; sourceTree = "<group>"; };
		C46D179E2A743F82008E6077 /* ComingSoonFactory.swift */ = {isa = PBXFileReference; lastKnownFileType = sourcecode.swift; path = ComingSoonFactory.swift; sourceTree = "<group>"; };
		C46D17A12A74431B008E6077 /* ComingSoonCoordinator.swift */ = {isa = PBXFileReference; lastKnownFileType = sourcecode.swift; path = ComingSoonCoordinator.swift; sourceTree = "<group>"; };
		C46D17A32A744A35008E6077 /* ItemTabBar.swift */ = {isa = PBXFileReference; lastKnownFileType = sourcecode.swift; path = ItemTabBar.swift; sourceTree = "<group>"; };
		C46D17A62A744E93008E6077 /* SearchCoordinator.swift */ = {isa = PBXFileReference; lastKnownFileType = sourcecode.swift; path = SearchCoordinator.swift; sourceTree = "<group>"; };
		C46D17A92A744EE9008E6077 /* SearchFactory.swift */ = {isa = PBXFileReference; lastKnownFileType = sourcecode.swift; path = SearchFactory.swift; sourceTree = "<group>"; };
		C46D17AC2A7450D0008E6077 /* DownloadCoordinator.swift */ = {isa = PBXFileReference; lastKnownFileType = sourcecode.swift; path = DownloadCoordinator.swift; sourceTree = "<group>"; };
		C46D17AF2A745108008E6077 /* DownloadFactory.swift */ = {isa = PBXFileReference; lastKnownFileType = sourcecode.swift; path = DownloadFactory.swift; sourceTree = "<group>"; };
		C47CE85F2A5EEB4C00E43E63 /* UpcomingViewController.swift */ = {isa = PBXFileReference; lastKnownFileType = sourcecode.swift; path = UpcomingViewController.swift; sourceTree = "<group>"; };
		C47CE8622A5EEBE200E43E63 /* SearchView.swift */ = {isa = PBXFileReference; lastKnownFileType = sourcecode.swift; path = SearchView.swift; sourceTree = "<group>"; };
		C47CE8642A5EEC2200E43E63 /* SearchView.xib */ = {isa = PBXFileReference; lastKnownFileType = file.xib; path = SearchView.xib; sourceTree = "<group>"; };
		C47CE8672A5EEC5C00E43E63 /* SearchViewController.swift */ = {isa = PBXFileReference; lastKnownFileType = sourcecode.swift; path = SearchViewController.swift; sourceTree = "<group>"; };
		C47CE86A2A5EED1C00E43E63 /* DownloadView.swift */ = {isa = PBXFileReference; lastKnownFileType = sourcecode.swift; path = DownloadView.swift; sourceTree = "<group>"; };
		C47CE86C2A5EED4100E43E63 /* DownloadView.xib */ = {isa = PBXFileReference; lastKnownFileType = file.xib; path = DownloadView.xib; sourceTree = "<group>"; };
		C47CE86F2A5EED7900E43E63 /* DownloadViewController.swift */ = {isa = PBXFileReference; lastKnownFileType = sourcecode.swift; path = DownloadViewController.swift; sourceTree = "<group>"; };
		C4808D2E2A83F03F00BF441B /* HomeCollectionViewCell.swift */ = {isa = PBXFileReference; lastKnownFileType = sourcecode.swift; path = HomeCollectionViewCell.swift; sourceTree = "<group>"; };
		C4808D2F2A83F03F00BF441B /* HomeCollectionViewCell.xib */ = {isa = PBXFileReference; lastKnownFileType = file.xib; path = HomeCollectionViewCell.xib; sourceTree = "<group>"; };
		C487F9D42A7E4C8000D8CD04 /* BaseNetworkService.swift */ = {isa = PBXFileReference; lastKnownFileType = sourcecode.swift; path = BaseNetworkService.swift; sourceTree = "<group>"; };
		C487F9D62A7E4FCA00D8CD04 /* MoviesResponse.swift */ = {isa = PBXFileReference; lastKnownFileType = sourcecode.swift; path = MoviesResponse.swift; sourceTree = "<group>"; };
		C499816D2A7CFDEB00DAEA0E /* HeroHeaderView.swift */ = {isa = PBXFileReference; lastKnownFileType = sourcecode.swift; path = HeroHeaderView.swift; sourceTree = "<group>"; };
		C499816F2A7CFF4300DAEA0E /* HeroHeaderView.xib */ = {isa = PBXFileReference; lastKnownFileType = file.xib; path = HeroHeaderView.xib; sourceTree = "<group>"; };
		C49981722A7D3B1C00DAEA0E /* AppConstants.swift */ = {isa = PBXFileReference; lastKnownFileType = sourcecode.swift; path = AppConstants.swift; sourceTree = "<group>"; };
		C4BB7DA12A8A45C700500FB8 /* UpcomingTableViewCell.swift */ = {isa = PBXFileReference; lastKnownFileType = sourcecode.swift; path = UpcomingTableViewCell.swift; sourceTree = "<group>"; };
		C4BB7DA22A8A45C700500FB8 /* UpcomingTableViewCell.xib */ = {isa = PBXFileReference; lastKnownFileType = file.xib; path = UpcomingTableViewCell.xib; sourceTree = "<group>"; };
		C4BB7DA82A8A8F8A00500FB8 /* SearchResultViewController.swift */ = {isa = PBXFileReference; lastKnownFileType = sourcecode.swift; path = SearchResultViewController.swift; sourceTree = "<group>"; };
		C4BB7DCD2A8B911D00500FB8 /* SearchResultView.swift */ = {isa = PBXFileReference; lastKnownFileType = sourcecode.swift; path = SearchResultView.swift; sourceTree = "<group>"; };
		C4BB7DCF2A8B915E00500FB8 /* SearchResultView.xib */ = {isa = PBXFileReference; lastKnownFileType = file.xib; path = SearchResultView.xib; sourceTree = "<group>"; };
		C4D27FA32A7FA682001DAADE /* String+Extensions.swift */ = {isa = PBXFileReference; lastKnownFileType = sourcecode.swift; path = "String+Extensions.swift"; sourceTree = "<group>"; };
		C4D27FA72A81806B001DAADE /* Route.swift */ = {isa = PBXFileReference; lastKnownFileType = sourcecode.swift; path = Route.swift; sourceTree = "<group>"; };
		C4D27FA92A818158001DAADE /* Method.swift */ = {isa = PBXFileReference; lastKnownFileType = sourcecode.swift; path = Method.swift; sourceTree = "<group>"; };
		C4D27FAB2A8181AD001DAADE /* AppError.swift */ = {isa = PBXFileReference; lastKnownFileType = sourcecode.swift; path = AppError.swift; sourceTree = "<group>"; };
		C4F112312A850EDF00F246B7 /* MoviesNetwork.swift */ = {isa = PBXFileReference; lastKnownFileType = sourcecode.swift; path = MoviesNetwork.swift; sourceTree = "<group>"; };
		C4F5865A2A5EE90C0066BA58 /* HomeViewController.swift */ = {isa = PBXFileReference; lastKnownFileType = sourcecode.swift; path = HomeViewController.swift; sourceTree = "<group>"; };
		C4F5865D2A5EE9B10066BA58 /* HomeView.swift */ = {isa = PBXFileReference; lastKnownFileType = sourcecode.swift; path = HomeView.swift; sourceTree = "<group>"; };
		C4F5865F2A5EE9F80066BA58 /* HomeView.xib */ = {isa = PBXFileReference; lastKnownFileType = file.xib; path = HomeView.xib; sourceTree = "<group>"; };
		C4F586622A5EEA990066BA58 /* UpcomingView.swift */ = {isa = PBXFileReference; lastKnownFileType = sourcecode.swift; path = UpcomingView.swift; sourceTree = "<group>"; };
		C4F586642A5EEAC10066BA58 /* UpcomingView.xib */ = {isa = PBXFileReference; lastKnownFileType = file.xib; path = UpcomingView.xib; sourceTree = "<group>"; };
/* End PBXFileReference section */

/* Begin PBXFrameworksBuildPhase section */
		C46B88292A5C70F600F3F3DE /* Frameworks */ = {
			isa = PBXFrameworksBuildPhase;
			buildActionMask = 2147483647;
			files = (
				C4808D362A83F23A00BF441B /* SDWebImageMapKit in Frameworks */,
				C4808D342A83F23A00BF441B /* SDWebImage in Frameworks */,
			);
			runOnlyForDeploymentPostprocessing = 0;
		};
/* End PBXFrameworksBuildPhase section */

/* Begin PBXGroup section */
		C42DD7B42A7AF00000D8A0EC /* UIKit */ = {
			isa = PBXGroup;
			children = (
				C42DD7B62A7AF03000D8A0EC /* UITableView */,
				C4D27FA12A7FA63D001DAADE /* UICollectionVIew */,
			);
			path = UIKit;
			sourceTree = "<group>";
		};
		C42DD7B52A7AF02800D8A0EC /* Foundation */ = {
			isa = PBXGroup;
			children = (
				C4D27FA22A7FA661001DAADE /* String */,
			);
			path = Foundation;
			sourceTree = "<group>";
		};
		C42DD7B62A7AF03000D8A0EC /* UITableView */ = {
			isa = PBXGroup;
			children = (
				C42DD7B72A7AF05400D8A0EC /* UITableView+Extensions.swift */,
			);
			path = UITableView;
			sourceTree = "<group>";
		};
		C42DD7B92A7AF5B500D8A0EC /* Cell */ = {
			isa = PBXGroup;
			children = (
				C42DD7BA2A7AF5CF00D8A0EC /* TableViewCell */,
				C42DD7BB2A7AF5E400D8A0EC /* CollectionViewCell */,
			);
			path = Cell;
			sourceTree = "<group>";
		};
		C42DD7BA2A7AF5CF00D8A0EC /* TableViewCell */ = {
			isa = PBXGroup;
			children = (
				C4BB7D9F2A8A456300500FB8 /* HomeTableViewCell */,
				C4BB7DA02A8A458300500FB8 /* UpcomingTableViewCell */,
			);
			path = TableViewCell;
			sourceTree = "<group>";
		};
		C42DD7BB2A7AF5E400D8A0EC /* CollectionViewCell */ = {
			isa = PBXGroup;
			children = (
				C4808D2E2A83F03F00BF441B /* HomeCollectionViewCell.swift */,
				C4808D2F2A83F03F00BF441B /* HomeCollectionViewCell.xib */,
			);
			path = CollectionViewCell;
			sourceTree = "<group>";
		};
		C444311C2A5D571A00625723 /* MainViewModel */ = {
			isa = PBXGroup;
			children = (
				C444311E2A5D574200625723 /* MainViewModel.swift */,
			);
			path = MainViewModel;
			sourceTree = "<group>";
		};
		C46B88232A5C70F600F3F3DE = {
			isa = PBXGroup;
			children = (
				C46B882E2A5C70F600F3F3DE /* MovieTrending */,
				C46B882D2A5C70F600F3F3DE /* Products */,
			);
			sourceTree = "<group>";
		};
		C46B882D2A5C70F600F3F3DE /* Products */ = {
			isa = PBXGroup;
			children = (
				C46B882C2A5C70F600F3F3DE /* MovieTrending.app */,
			);
			name = Products;
			sourceTree = "<group>";
		};
		C46B882E2A5C70F600F3F3DE /* MovieTrending */ = {
			isa = PBXGroup;
			children = (
				C46D17712A73D805008E6077 /* Coordinator */,
				C46B88522A5C79BA00F3F3DE /* Networking */,
				C46B88512A5C799800F3F3DE /* Extensions */,
				C46B88502A5C797400F3F3DE /* Resources */,
				C46B884F2A5C794900F3F3DE /* Models */,
				C46B884E2A5C792500F3F3DE /* ViewsModels */,
				C46B88462A5C721100F3F3DE /* Views */,
				C46B88472A5C721D00F3F3DE /* ViewControllers */,
				C46B882F2A5C70F600F3F3DE /* AppDelegate.swift */,
				C46B883D2A5C70F800F3F3DE /* Info.plist */,
			);
			path = MovieTrending;
			sourceTree = "<group>";
		};
		C46B88432A5C71D200F3F3DE /* MainTabBarViewController */ = {
			isa = PBXGroup;
			children = (
				C46B88442A5C720900F3F3DE /* MainTabBarViewController.swift */,
			);
			path = MainTabBarViewController;
			sourceTree = "<group>";
		};
		C46B88462A5C721100F3F3DE /* Views */ = {
			isa = PBXGroup;
			children = (
				C42DD7B92A7AF5B500D8A0EC /* Cell */,
				C46B88532A5C7A1300F3F3DE /* LaunchScreen */,
				C499816B2A7CFDA800DAEA0E /* Home */,
				C4F586612A5EEA7A0066BA58 /* UpcomingView */,
				C47CE8612A5EEBC500E43E63 /* SearchView */,
				C47CE8692A5EECEC00E43E63 /* DownloadView */,
			);
			path = Views;
			sourceTree = "<group>";
		};
		C46B88472A5C721D00F3F3DE /* ViewControllers */ = {
			isa = PBXGroup;
			children = (
				C46B88432A5C71D200F3F3DE /* MainTabBarViewController */,
				C4F586592A5EE8D50066BA58 /* HomeViewController */,
				C47CE85E2A5EEB2100E43E63 /* UpcomingViewController */,
				C47CE8662A5EEC3E00E43E63 /* SearchViewController */,
				C47CE86E2A5EED6100E43E63 /* DownloadViewController */,
			);
			path = ViewControllers;
			sourceTree = "<group>";
		};
		C46B884E2A5C792500F3F3DE /* ViewsModels */ = {
			isa = PBXGroup;
			children = (
				C444311C2A5D571A00625723 /* MainViewModel */,
			);
			path = ViewsModels;
			sourceTree = "<group>";
		};
		C46B884F2A5C794900F3F3DE /* Models */ = {
			isa = PBXGroup;
			children = (
				C46D17A32A744A35008E6077 /* ItemTabBar.swift */,
				C487F9D62A7E4FCA00D8CD04 /* MoviesResponse.swift */,
			);
			path = Models;
			sourceTree = "<group>";
		};
		C46B88502A5C797400F3F3DE /* Resources */ = {
			isa = PBXGroup;
			children = (
				C49981712A7D3AE200DAEA0E /* AppConstants */,
				C46B88382A5C70F800F3F3DE /* Assets.xcassets */,
			);
			path = Resources;
			sourceTree = "<group>";
		};
		C46B88512A5C799800F3F3DE /* Extensions */ = {
			isa = PBXGroup;
			children = (
				C42DD7B52A7AF02800D8A0EC /* Foundation */,
				C42DD7B42A7AF00000D8A0EC /* UIKit */,
			);
			path = Extensions;
			sourceTree = "<group>";
		};
		C46B88522A5C79BA00F3F3DE /* Networking */ = {
			isa = PBXGroup;
			children = (
				C487F9D42A7E4C8000D8CD04 /* BaseNetworkService.swift */,
				C4D27FA72A81806B001DAADE /* Route.swift */,
				C4D27FA92A818158001DAADE /* Method.swift */,
				C4D27FAB2A8181AD001DAADE /* AppError.swift */,
				C4F112312A850EDF00F246B7 /* MoviesNetwork.swift */,
			);
			path = Networking;
			sourceTree = "<group>";
		};
		C46B88532A5C7A1300F3F3DE /* LaunchScreen */ = {
			isa = PBXGroup;
			children = (
				C46B883A2A5C70F800F3F3DE /* LaunchScreen.storyboard */,
			);
			path = LaunchScreen;
			sourceTree = "<group>";
		};
		C46D17712A73D805008E6077 /* Coordinator */ = {
			isa = PBXGroup;
			children = (
				C46D17752A73D882008E6077 /* Navigation */,
				C46D17742A73D874008E6077 /* CoordinatorProtocol */,
				C46D17842A73DB49008E6077 /* ParentCoordinator */,
				C46D17872A73DC58008E6077 /* AppCoordinator */,
				C46D178E2A742EB0008E6077 /* MainCoordinator */,
				C46D17942A743837008E6077 /* HomeCoordinator */,
				C46D17A02A7442F3008E6077 /* ComingSoonCoordinator */,
				C46D17A52A744DE7008E6077 /* SearchCoordinator */,
				C46D17AB2A74509A008E6077 /* DownloadCoordinator */,
				C46D178A2A742DA9008E6077 /* Factories */,
				C46D17A82A744EC1008E6077 /* SearchFactory */,
			);
			path = Coordinator;
			sourceTree = "<group>";
		};
		C46D17742A73D874008E6077 /* CoordinatorProtocol */ = {
			isa = PBXGroup;
			children = (
				C46D17722A73D84B008E6077 /* CoordinatorProtocol.swift */,
			);
			path = CoordinatorProtocol;
			sourceTree = "<group>";
		};
		C46D17752A73D882008E6077 /* Navigation */ = {
			isa = PBXGroup;
			children = (
				C46D17792A73D90A008E6077 /* NavigationProtocol */,
				C46D17782A73D8F5008E6077 /* NavigationImp */,
			);
			path = Navigation;
			sourceTree = "<group>";
		};
		C46D17782A73D8F5008E6077 /* NavigationImp */ = {
			isa = PBXGroup;
			children = (
				C46D177A2A73D927008E6077 /* NavigationImp.swift */,
				C46D177C2A73D9FD008E6077 /* NavigationImp+NavigationProtocol.swift */,
				C46D177F2A73DA7C008E6077 /* NavigationImp+UINavigationControllerDelegate.swift */,
				C46D17822A73DAE2008E6077 /* NavigationImp+UIAdaptivePresentationControllerDelegate.swift */,
			);
			path = NavigationImp;
			sourceTree = "<group>";
		};
		C46D17792A73D90A008E6077 /* NavigationProtocol */ = {
			isa = PBXGroup;
			children = (
				C46D17762A73D89F008E6077 /* NavigationProtocol.swift */,
			);
			path = NavigationProtocol;
			sourceTree = "<group>";
		};
		C46D17842A73DB49008E6077 /* ParentCoordinator */ = {
			isa = PBXGroup;
			children = (
				C46D17852A73DB78008E6077 /* ParentCoordinatorr.swift */,
			);
			path = ParentCoordinator;
			sourceTree = "<group>";
		};
		C46D17872A73DC58008E6077 /* AppCoordinator */ = {
			isa = PBXGroup;
			children = (
				C46D17882A73DCD7008E6077 /* AppCoordinator.swift */,
			);
			path = AppCoordinator;
			sourceTree = "<group>";
		};
		C46D178A2A742DA9008E6077 /* Factories */ = {
			isa = PBXGroup;
			children = (
				C46D178B2A742DF8008E6077 /* AppFactory */,
				C46D17912A742F80008E6077 /* MainTabBarFactory */,
				C46D179A2A743BEA008E6077 /* ItemTabBarFactory */,
				C46D17992A7438CC008E6077 /* HomeFactory */,
				C46D179D2A743F5D008E6077 /* ComingSoonFactory */,
				C46D17AE2A7450F0008E6077 /* DownloadFactory */,
			);
			path = Factories;
			sourceTree = "<group>";
		};
		C46D178B2A742DF8008E6077 /* AppFactory */ = {
			isa = PBXGroup;
			children = (
				C46D178C2A742E05008E6077 /* AppFactory.swift */,
			);
			path = AppFactory;
			sourceTree = "<group>";
		};
		C46D178E2A742EB0008E6077 /* MainCoordinator */ = {
			isa = PBXGroup;
			children = (
				C46D178F2A742EC5008E6077 /* MainTabBarCoordinator.swift */,
			);
			path = MainCoordinator;
			sourceTree = "<group>";
		};
		C46D17912A742F80008E6077 /* MainTabBarFactory */ = {
			isa = PBXGroup;
			children = (
				C46D17922A743118008E6077 /* MainTabBarFactory.swift */,
			);
			path = MainTabBarFactory;
			sourceTree = "<group>";
		};
		C46D17942A743837008E6077 /* HomeCoordinator */ = {
			isa = PBXGroup;
			children = (
				C46D17952A743846008E6077 /* HomeCoordinator.swift */,
			);
			path = HomeCoordinator;
			sourceTree = "<group>";
		};
		C46D17992A7438CC008E6077 /* HomeFactory */ = {
			isa = PBXGroup;
			children = (
				C46D17972A7438C7008E6077 /* HomeFactory.swift */,
			);
			path = HomeFactory;
			sourceTree = "<group>";
		};
		C46D179A2A743BEA008E6077 /* ItemTabBarFactory */ = {
			isa = PBXGroup;
			children = (
				C46D179B2A743C04008E6077 /* ItemTabBarFactory.swift */,
			);
			path = ItemTabBarFactory;
			sourceTree = "<group>";
		};
		C46D179D2A743F5D008E6077 /* ComingSoonFactory */ = {
			isa = PBXGroup;
			children = (
				C46D179E2A743F82008E6077 /* ComingSoonFactory.swift */,
			);
			path = ComingSoonFactory;
			sourceTree = "<group>";
		};
		C46D17A02A7442F3008E6077 /* ComingSoonCoordinator */ = {
			isa = PBXGroup;
			children = (
				C46D17A12A74431B008E6077 /* ComingSoonCoordinator.swift */,
			);
			path = ComingSoonCoordinator;
			sourceTree = "<group>";
		};
		C46D17A52A744DE7008E6077 /* SearchCoordinator */ = {
			isa = PBXGroup;
			children = (
				C46D17A62A744E93008E6077 /* SearchCoordinator.swift */,
			);
			path = SearchCoordinator;
			sourceTree = "<group>";
		};
		C46D17A82A744EC1008E6077 /* SearchFactory */ = {
			isa = PBXGroup;
			children = (
				C46D17A92A744EE9008E6077 /* SearchFactory.swift */,
			);
			path = SearchFactory;
			sourceTree = "<group>";
		};
		C46D17AB2A74509A008E6077 /* DownloadCoordinator */ = {
			isa = PBXGroup;
			children = (
				C46D17AC2A7450D0008E6077 /* DownloadCoordinator.swift */,
			);
			path = DownloadCoordinator;
			sourceTree = "<group>";
		};
		C46D17AE2A7450F0008E6077 /* DownloadFactory */ = {
			isa = PBXGroup;
			children = (
				C46D17AF2A745108008E6077 /* DownloadFactory.swift */,
			);
			path = DownloadFactory;
			sourceTree = "<group>";
		};
		C47CE85E2A5EEB2100E43E63 /* UpcomingViewController */ = {
			isa = PBXGroup;
			children = (
				C47CE85F2A5EEB4C00E43E63 /* UpcomingViewController.swift */,
			);
			path = UpcomingViewController;
			sourceTree = "<group>";
		};
		C47CE8612A5EEBC500E43E63 /* SearchView */ = {
			isa = PBXGroup;
			children = (
				C47CE8622A5EEBE200E43E63 /* SearchView.swift */,
				C47CE8642A5EEC2200E43E63 /* SearchView.xib */,
				C4BB7DCC2A8B90F500500FB8 /* SearchResultView */,
			);
			path = SearchView;
			sourceTree = "<group>";
		};
		C47CE8662A5EEC3E00E43E63 /* SearchViewController */ = {
			isa = PBXGroup;
			children = (
				C47CE8672A5EEC5C00E43E63 /* SearchViewController.swift */,
				C4BB7DA82A8A8F8A00500FB8 /* SearchResultViewController.swift */,
			);
			path = SearchViewController;
			sourceTree = "<group>";
		};
		C47CE8692A5EECEC00E43E63 /* DownloadView */ = {
			isa = PBXGroup;
			children = (
				C47CE86A2A5EED1C00E43E63 /* DownloadView.swift */,
				C47CE86C2A5EED4100E43E63 /* DownloadView.xib */,
			);
			path = DownloadView;
			sourceTree = "<group>";
		};
		C47CE86E2A5EED6100E43E63 /* DownloadViewController */ = {
			isa = PBXGroup;
			children = (
				C47CE86F2A5EED7900E43E63 /* DownloadViewController.swift */,
			);
			path = DownloadViewController;
			sourceTree = "<group>";
		};
		C499816B2A7CFDA800DAEA0E /* Home */ = {
			isa = PBXGroup;
			children = (
				C499816C2A7CFDB300DAEA0E /* HeroHeaderView */,
				C4F5865C2A5EE98C0066BA58 /* HomeView */,
			);
			path = Home;
			sourceTree = "<group>";
		};
		C499816C2A7CFDB300DAEA0E /* HeroHeaderView */ = {
			isa = PBXGroup;
			children = (
				C499816D2A7CFDEB00DAEA0E /* HeroHeaderView.swift */,
				C499816F2A7CFF4300DAEA0E /* HeroHeaderView.xib */,
			);
			path = HeroHeaderView;
			sourceTree = "<group>";
		};
		C49981712A7D3AE200DAEA0E /* AppConstants */ = {
			isa = PBXGroup;
			children = (
				C49981722A7D3B1C00DAEA0E /* AppConstants.swift */,
			);
			path = AppConstants;
			sourceTree = "<group>";
		};
		C4BB7D9F2A8A456300500FB8 /* HomeTableViewCell */ = {
			isa = PBXGroup;
			children = (
				C42DD7BC2A7AF64B00D8A0EC /* HomeTableViewCell.swift */,
				C42DD7BD2A7AF64B00D8A0EC /* HomeTableViewCell.xib */,
			);
			path = HomeTableViewCell;
			sourceTree = "<group>";
		};
		C4BB7DA02A8A458300500FB8 /* UpcomingTableViewCell */ = {
			isa = PBXGroup;
			children = (
				C4BB7DA12A8A45C700500FB8 /* UpcomingTableViewCell.swift */,
				C4BB7DA22A8A45C700500FB8 /* UpcomingTableViewCell.xib */,
			);
			path = UpcomingTableViewCell;
			sourceTree = "<group>";
		};
		C4BB7DCC2A8B90F500500FB8 /* SearchResultView */ = {
			isa = PBXGroup;
			children = (
				C4BB7DCD2A8B911D00500FB8 /* SearchResultView.swift */,
				C4BB7DCF2A8B915E00500FB8 /* SearchResultView.xib */,
			);
			path = SearchResultView;
			sourceTree = "<group>";
		};
		C4D27FA12A7FA63D001DAADE /* UICollectionVIew */ = {
			isa = PBXGroup;
			children = (
				C42DD7C02A7AFB7300D8A0EC /* UICollectionView.swift */,
			);
			path = UICollectionVIew;
			sourceTree = "<group>";
		};
		C4D27FA22A7FA661001DAADE /* String */ = {
			isa = PBXGroup;
			children = (
				C4D27FA32A7FA682001DAADE /* String+Extensions.swift */,
			);
			path = String;
			sourceTree = "<group>";
		};
		C4F586592A5EE8D50066BA58 /* HomeViewController */ = {
			isa = PBXGroup;
			children = (
				C4F5865A2A5EE90C0066BA58 /* HomeViewController.swift */,
			);
			path = HomeViewController;
			sourceTree = "<group>";
		};
		C4F5865C2A5EE98C0066BA58 /* HomeView */ = {
			isa = PBXGroup;
			children = (
				C4F5865D2A5EE9B10066BA58 /* HomeView.swift */,
				C4F5865F2A5EE9F80066BA58 /* HomeView.xib */,
			);
			path = HomeView;
			sourceTree = "<group>";
		};
		C4F586612A5EEA7A0066BA58 /* UpcomingView */ = {
			isa = PBXGroup;
			children = (
				C4F586622A5EEA990066BA58 /* UpcomingView.swift */,
				C4F586642A5EEAC10066BA58 /* UpcomingView.xib */,
			);
			path = UpcomingView;
			sourceTree = "<group>";
		};
/* End PBXGroup section */

/* Begin PBXNativeTarget section */
		C46B882B2A5C70F600F3F3DE /* MovieTrending */ = {
			isa = PBXNativeTarget;
			buildConfigurationList = C46B88402A5C70F800F3F3DE /* Build configuration list for PBXNativeTarget "MovieTrending" */;
			buildPhases = (
				C46B88282A5C70F600F3F3DE /* Sources */,
				C46B88292A5C70F600F3F3DE /* Frameworks */,
				C46B882A2A5C70F600F3F3DE /* Resources */,
			);
			buildRules = (
			);
			dependencies = (
			);
			name = MovieTrending;
			packageProductDependencies = (
				C4808D332A83F23A00BF441B /* SDWebImage */,
				C4808D352A83F23A00BF441B /* SDWebImageMapKit */,
			);
			productName = MovieTrending;
			productReference = C46B882C2A5C70F600F3F3DE /* MovieTrending.app */;
			productType = "com.apple.product-type.application";
		};
/* End PBXNativeTarget section */

/* Begin PBXProject section */
		C46B88242A5C70F600F3F3DE /* Project object */ = {
			isa = PBXProject;
			attributes = {
				BuildIndependentTargetsInParallel = 1;
				LastSwiftUpdateCheck = 1430;
				LastUpgradeCheck = 1430;
				TargetAttributes = {
					C46B882B2A5C70F600F3F3DE = {
						CreatedOnToolsVersion = 14.3.1;
					};
				};
			};
			buildConfigurationList = C46B88272A5C70F600F3F3DE /* Build configuration list for PBXProject "MovieTrending" */;
			compatibilityVersion = "Xcode 14.0";
			developmentRegion = en;
			hasScannedForEncodings = 0;
			knownRegions = (
				en,
				Base,
			);
			mainGroup = C46B88232A5C70F600F3F3DE;
			packageReferences = (
				C4808D322A83F23A00BF441B /* XCRemoteSwiftPackageReference "SDWebImage" */,
			);
			productRefGroup = C46B882D2A5C70F600F3F3DE /* Products */;
			projectDirPath = "";
			projectRoot = "";
			targets = (
				C46B882B2A5C70F600F3F3DE /* MovieTrending */,
			);
		};
/* End PBXProject section */

/* Begin PBXResourcesBuildPhase section */
		C46B882A2A5C70F600F3F3DE /* Resources */ = {
			isa = PBXResourcesBuildPhase;
			buildActionMask = 2147483647;
			files = (
				C47CE86D2A5EED4100E43E63 /* DownloadView.xib in Resources */,
				C42DD7BF2A7AF64B00D8A0EC /* HomeTableViewCell.xib in Resources */,
				C4BB7DD02A8B915E00500FB8 /* SearchResultView.xib in Resources */,
				C4F586652A5EEAC10066BA58 /* UpcomingView.xib in Resources */,
				C4BB7DA42A8A45C700500FB8 /* UpcomingTableViewCell.xib in Resources */,
				C47CE8652A5EEC2200E43E63 /* SearchView.xib in Resources */,
				C4808D312A83F03F00BF441B /* HomeCollectionViewCell.xib in Resources */,
				C4F586602A5EE9F80066BA58 /* HomeView.xib in Resources */,
				C49981702A7CFF4300DAEA0E /* HeroHeaderView.xib in Resources */,
				C46B883C2A5C70F800F3F3DE /* LaunchScreen.storyboard in Resources */,
				C46B88392A5C70F800F3F3DE /* Assets.xcassets in Resources */,
			);
			runOnlyForDeploymentPostprocessing = 0;
		};
/* End PBXResourcesBuildPhase section */

/* Begin PBXSourcesBuildPhase section */
		C46B88282A5C70F600F3F3DE /* Sources */ = {
			isa = PBXSourcesBuildPhase;
			buildActionMask = 2147483647;
			files = (
				C46D17B02A745108008E6077 /* DownloadFactory.swift in Sources */,
				C4BB7DCE2A8B911D00500FB8 /* SearchResultView.swift in Sources */,
				C46D17832A73DAE2008E6077 /* NavigationImp+UIAdaptivePresentationControllerDelegate.swift in Sources */,
				C46D17772A73D89F008E6077 /* NavigationProtocol.swift in Sources */,
				C46D17A42A744A35008E6077 /* ItemTabBar.swift in Sources */,
				C46D179F2A743F82008E6077 /* ComingSoonFactory.swift in Sources */,
				C47CE8682A5EEC5C00E43E63 /* SearchViewController.swift in Sources */,
				C46D17A22A74431B008E6077 /* ComingSoonCoordinator.swift in Sources */,
				C46D17A72A744E93008E6077 /* SearchCoordinator.swift in Sources */,
				C4D27FAC2A8181AD001DAADE /* AppError.swift in Sources */,
				C487F9D72A7E4FCA00D8CD04 /* MoviesResponse.swift in Sources */,
				C47CE8602A5EEB4C00E43E63 /* UpcomingViewController.swift in Sources */,
				C46D17732A73D84B008E6077 /* CoordinatorProtocol.swift in Sources */,
				C46D17982A7438C7008E6077 /* HomeFactory.swift in Sources */,
				C4BB7DA32A8A45C700500FB8 /* UpcomingTableViewCell.swift in Sources */,
				C4F112322A850EDF00F246B7 /* MoviesNetwork.swift in Sources */,
				C47CE8632A5EEBE200E43E63 /* SearchView.swift in Sources */,
				C46D178D2A742E05008E6077 /* AppFactory.swift in Sources */,
				C499816E2A7CFDEB00DAEA0E /* HeroHeaderView.swift in Sources */,
				C49981732A7D3B1C00DAEA0E /* AppConstants.swift in Sources */,
				C487F9D52A7E4C8000D8CD04 /* BaseNetworkService.swift in Sources */,
				C4F586632A5EEA990066BA58 /* UpcomingView.swift in Sources */,
				C46D17AD2A7450D0008E6077 /* DownloadCoordinator.swift in Sources */,
				C4F5865B2A5EE90C0066BA58 /* HomeViewController.swift in Sources */,
				C4D27FA42A7FA682001DAADE /* String+Extensions.swift in Sources */,
				C4D27FAA2A818158001DAADE /* Method.swift in Sources */,
				C46D17902A742EC5008E6077 /* MainTabBarCoordinator.swift in Sources */,
				C46B88302A5C70F600F3F3DE /* AppDelegate.swift in Sources */,
				C42DD7B82A7AF05400D8A0EC /* UITableView+Extensions.swift in Sources */,
				C47CE86B2A5EED1C00E43E63 /* DownloadView.swift in Sources */,
				C46D179C2A743C04008E6077 /* ItemTabBarFactory.swift in Sources */,
				C4F5865E2A5EE9B10066BA58 /* HomeView.swift in Sources */,
				C46D17862A73DB78008E6077 /* ParentCoordinatorr.swift in Sources */,
				C46B88452A5C720900F3F3DE /* MainTabBarViewController.swift in Sources */,
				C47CE8702A5EED7900E43E63 /* DownloadViewController.swift in Sources */,
				C46D17AA2A744EE9008E6077 /* SearchFactory.swift in Sources */,
				C46D17962A743846008E6077 /* HomeCoordinator.swift in Sources */,
				C46D177B2A73D927008E6077 /* NavigationImp.swift in Sources */,
				C4D27FA82A81806B001DAADE /* Route.swift in Sources */,
				C46D17892A73DCD7008E6077 /* AppCoordinator.swift in Sources */,
				C444311F2A5D574200625723 /* MainViewModel.swift in Sources */,
				C4BB7DA92A8A8F8A00500FB8 /* SearchResultViewController.swift in Sources */,
				C42DD7C12A7AFB7300D8A0EC /* UICollectionView.swift in Sources */,
				C4808D302A83F03F00BF441B /* HomeCollectionViewCell.swift in Sources */,
				C46D17802A73DA7C008E6077 /* NavigationImp+UINavigationControllerDelegate.swift in Sources */,
				C46D177D2A73D9FD008E6077 /* NavigationImp+NavigationProtocol.swift in Sources */,
				C42DD7BE2A7AF64B00D8A0EC /* HomeTableViewCell.swift in Sources */,
				C46D17932A743118008E6077 /* MainTabBarFactory.swift in Sources */,
			);
			runOnlyForDeploymentPostprocessing = 0;
		};
/* End PBXSourcesBuildPhase section */

/* Begin PBXVariantGroup section */
		C46B883A2A5C70F800F3F3DE /* LaunchScreen.storyboard */ = {
			isa = PBXVariantGroup;
			children = (
				C46B883B2A5C70F800F3F3DE /* Base */,
			);
			name = LaunchScreen.storyboard;
			sourceTree = "<group>";
		};
/* End PBXVariantGroup section */

/* Begin XCBuildConfiguration section */
		C46B883E2A5C70F800F3F3DE /* Debug */ = {
			isa = XCBuildConfiguration;
			buildSettings = {
				ALWAYS_SEARCH_USER_PATHS = NO;
				CLANG_ANALYZER_NONNULL = YES;
				CLANG_ANALYZER_NUMBER_OBJECT_CONVERSION = YES_AGGRESSIVE;
				CLANG_CXX_LANGUAGE_STANDARD = "gnu++20";
				CLANG_ENABLE_MODULES = YES;
				CLANG_ENABLE_OBJC_ARC = YES;
				CLANG_ENABLE_OBJC_WEAK = YES;
				CLANG_WARN_BLOCK_CAPTURE_AUTORELEASING = YES;
				CLANG_WARN_BOOL_CONVERSION = YES;
				CLANG_WARN_COMMA = YES;
				CLANG_WARN_CONSTANT_CONVERSION = YES;
				CLANG_WARN_DEPRECATED_OBJC_IMPLEMENTATIONS = YES;
				CLANG_WARN_DIRECT_OBJC_ISA_USAGE = YES_ERROR;
				CLANG_WARN_DOCUMENTATION_COMMENTS = YES;
				CLANG_WARN_EMPTY_BODY = YES;
				CLANG_WARN_ENUM_CONVERSION = YES;
				CLANG_WARN_INFINITE_RECURSION = YES;
				CLANG_WARN_INT_CONVERSION = YES;
				CLANG_WARN_NON_LITERAL_NULL_CONVERSION = YES;
				CLANG_WARN_OBJC_IMPLICIT_RETAIN_SELF = YES;
				CLANG_WARN_OBJC_LITERAL_CONVERSION = YES;
				CLANG_WARN_OBJC_ROOT_CLASS = YES_ERROR;
				CLANG_WARN_QUOTED_INCLUDE_IN_FRAMEWORK_HEADER = YES;
				CLANG_WARN_RANGE_LOOP_ANALYSIS = YES;
				CLANG_WARN_STRICT_PROTOTYPES = YES;
				CLANG_WARN_SUSPICIOUS_MOVE = YES;
				CLANG_WARN_UNGUARDED_AVAILABILITY = YES_AGGRESSIVE;
				CLANG_WARN_UNREACHABLE_CODE = YES;
				CLANG_WARN__DUPLICATE_METHOD_MATCH = YES;
				COPY_PHASE_STRIP = NO;
				DEBUG_INFORMATION_FORMAT = dwarf;
				ENABLE_STRICT_OBJC_MSGSEND = YES;
				ENABLE_TESTABILITY = YES;
				GCC_C_LANGUAGE_STANDARD = gnu11;
				GCC_DYNAMIC_NO_PIC = NO;
				GCC_NO_COMMON_BLOCKS = YES;
				GCC_OPTIMIZATION_LEVEL = 0;
				GCC_PREPROCESSOR_DEFINITIONS = (
					"DEBUG=1",
					"$(inherited)",
				);
				GCC_WARN_64_TO_32_BIT_CONVERSION = YES;
				GCC_WARN_ABOUT_RETURN_TYPE = YES_ERROR;
				GCC_WARN_UNDECLARED_SELECTOR = YES;
				GCC_WARN_UNINITIALIZED_AUTOS = YES_AGGRESSIVE;
				GCC_WARN_UNUSED_FUNCTION = YES;
				GCC_WARN_UNUSED_VARIABLE = YES;
				IPHONEOS_DEPLOYMENT_TARGET = 16.4;
				MTL_ENABLE_DEBUG_INFO = INCLUDE_SOURCE;
				MTL_FAST_MATH = YES;
				ONLY_ACTIVE_ARCH = YES;
				SDKROOT = iphoneos;
				SWIFT_ACTIVE_COMPILATION_CONDITIONS = DEBUG;
				SWIFT_OPTIMIZATION_LEVEL = "-Onone";
			};
			name = Debug;
		};
		C46B883F2A5C70F800F3F3DE /* Release */ = {
			isa = XCBuildConfiguration;
			buildSettings = {
				ALWAYS_SEARCH_USER_PATHS = NO;
				CLANG_ANALYZER_NONNULL = YES;
				CLANG_ANALYZER_NUMBER_OBJECT_CONVERSION = YES_AGGRESSIVE;
				CLANG_CXX_LANGUAGE_STANDARD = "gnu++20";
				CLANG_ENABLE_MODULES = YES;
				CLANG_ENABLE_OBJC_ARC = YES;
				CLANG_ENABLE_OBJC_WEAK = YES;
				CLANG_WARN_BLOCK_CAPTURE_AUTORELEASING = YES;
				CLANG_WARN_BOOL_CONVERSION = YES;
				CLANG_WARN_COMMA = YES;
				CLANG_WARN_CONSTANT_CONVERSION = YES;
				CLANG_WARN_DEPRECATED_OBJC_IMPLEMENTATIONS = YES;
				CLANG_WARN_DIRECT_OBJC_ISA_USAGE = YES_ERROR;
				CLANG_WARN_DOCUMENTATION_COMMENTS = YES;
				CLANG_WARN_EMPTY_BODY = YES;
				CLANG_WARN_ENUM_CONVERSION = YES;
				CLANG_WARN_INFINITE_RECURSION = YES;
				CLANG_WARN_INT_CONVERSION = YES;
				CLANG_WARN_NON_LITERAL_NULL_CONVERSION = YES;
				CLANG_WARN_OBJC_IMPLICIT_RETAIN_SELF = YES;
				CLANG_WARN_OBJC_LITERAL_CONVERSION = YES;
				CLANG_WARN_OBJC_ROOT_CLASS = YES_ERROR;
				CLANG_WARN_QUOTED_INCLUDE_IN_FRAMEWORK_HEADER = YES;
				CLANG_WARN_RANGE_LOOP_ANALYSIS = YES;
				CLANG_WARN_STRICT_PROTOTYPES = YES;
				CLANG_WARN_SUSPICIOUS_MOVE = YES;
				CLANG_WARN_UNGUARDED_AVAILABILITY = YES_AGGRESSIVE;
				CLANG_WARN_UNREACHABLE_CODE = YES;
				CLANG_WARN__DUPLICATE_METHOD_MATCH = YES;
				COPY_PHASE_STRIP = NO;
				DEBUG_INFORMATION_FORMAT = "dwarf-with-dsym";
				ENABLE_NS_ASSERTIONS = NO;
				ENABLE_STRICT_OBJC_MSGSEND = YES;
				GCC_C_LANGUAGE_STANDARD = gnu11;
				GCC_NO_COMMON_BLOCKS = YES;
				GCC_WARN_64_TO_32_BIT_CONVERSION = YES;
				GCC_WARN_ABOUT_RETURN_TYPE = YES_ERROR;
				GCC_WARN_UNDECLARED_SELECTOR = YES;
				GCC_WARN_UNINITIALIZED_AUTOS = YES_AGGRESSIVE;
				GCC_WARN_UNUSED_FUNCTION = YES;
				GCC_WARN_UNUSED_VARIABLE = YES;
				IPHONEOS_DEPLOYMENT_TARGET = 16.4;
				MTL_ENABLE_DEBUG_INFO = NO;
				MTL_FAST_MATH = YES;
				SDKROOT = iphoneos;
				SWIFT_COMPILATION_MODE = wholemodule;
				SWIFT_OPTIMIZATION_LEVEL = "-O";
				VALIDATE_PRODUCT = YES;
			};
			name = Release;
		};
		C46B88412A5C70F800F3F3DE /* Debug */ = {
			isa = XCBuildConfiguration;
			buildSettings = {
				ASSETCATALOG_COMPILER_APPICON_NAME = AppIcon;
				ASSETCATALOG_COMPILER_GLOBAL_ACCENT_COLOR_NAME = AccentColor;
				CODE_SIGN_STYLE = Automatic;
				CURRENT_PROJECT_VERSION = 1;
				DEVELOPMENT_TEAM = 7FWE3GPY5W;
				GENERATE_INFOPLIST_FILE = YES;
				INFOPLIST_FILE = MovieTrending/Info.plist;
				INFOPLIST_KEY_UIApplicationSupportsIndirectInputEvents = YES;
				INFOPLIST_KEY_UILaunchStoryboardName = LaunchScreen;
				INFOPLIST_KEY_UISupportedInterfaceOrientations = UIInterfaceOrientationPortrait;
				IPHONEOS_DEPLOYMENT_TARGET = 15.0;
				LD_RUNPATH_SEARCH_PATHS = (
					"$(inherited)",
					"@executable_path/Frameworks",
				);
				MARKETING_VERSION = 1.0;
				PRODUCT_BUNDLE_IDENTIFIER = com.Yaroslav.MovieTrending;
				PRODUCT_NAME = "$(TARGET_NAME)";
				SWIFT_EMIT_LOC_STRINGS = YES;
				SWIFT_VERSION = 5.0;
				TARGETED_DEVICE_FAMILY = "1,2";
			};
			name = Debug;
		};
		C46B88422A5C70F800F3F3DE /* Release */ = {
			isa = XCBuildConfiguration;
			buildSettings = {
				ASSETCATALOG_COMPILER_APPICON_NAME = AppIcon;
				ASSETCATALOG_COMPILER_GLOBAL_ACCENT_COLOR_NAME = AccentColor;
				CODE_SIGN_STYLE = Automatic;
				CURRENT_PROJECT_VERSION = 1;
				DEVELOPMENT_TEAM = 7FWE3GPY5W;
				GENERATE_INFOPLIST_FILE = YES;
				INFOPLIST_FILE = MovieTrending/Info.plist;
				INFOPLIST_KEY_UIApplicationSupportsIndirectInputEvents = YES;
				INFOPLIST_KEY_UILaunchStoryboardName = LaunchScreen;
				INFOPLIST_KEY_UISupportedInterfaceOrientations = UIInterfaceOrientationPortrait;
				IPHONEOS_DEPLOYMENT_TARGET = 15.0;
				LD_RUNPATH_SEARCH_PATHS = (
					"$(inherited)",
					"@executable_path/Frameworks",
				);
				MARKETING_VERSION = 1.0;
				PRODUCT_BUNDLE_IDENTIFIER = com.Yaroslav.MovieTrending;
				PRODUCT_NAME = "$(TARGET_NAME)";
				SWIFT_EMIT_LOC_STRINGS = YES;
				SWIFT_VERSION = 5.0;
				TARGETED_DEVICE_FAMILY = "1,2";
			};
			name = Release;
		};
/* End XCBuildConfiguration section */

/* Begin XCConfigurationList section */
		C46B88272A5C70F600F3F3DE /* Build configuration list for PBXProject "MovieTrending" */ = {
			isa = XCConfigurationList;
			buildConfigurations = (
				C46B883E2A5C70F800F3F3DE /* Debug */,
				C46B883F2A5C70F800F3F3DE /* Release */,
			);
			defaultConfigurationIsVisible = 0;
			defaultConfigurationName = Release;
		};
		C46B88402A5C70F800F3F3DE /* Build configuration list for PBXNativeTarget "MovieTrending" */ = {
			isa = XCConfigurationList;
			buildConfigurations = (
				C46B88412A5C70F800F3F3DE /* Debug */,
				C46B88422A5C70F800F3F3DE /* Release */,
			);
			defaultConfigurationIsVisible = 0;
			defaultConfigurationName = Release;
		};
/* End XCConfigurationList section */

/* Begin XCRemoteSwiftPackageReference section */
		C4808D322A83F23A00BF441B /* XCRemoteSwiftPackageReference "SDWebImage" */ = {
			isa = XCRemoteSwiftPackageReference;
			repositoryURL = "git@github.com:SDWebImage/SDWebImage.git";
			requirement = {
				kind = upToNextMajorVersion;
				minimumVersion = 5.0.0;
			};
		};
/* End XCRemoteSwiftPackageReference section */

/* Begin XCSwiftPackageProductDependency section */
		C4808D332A83F23A00BF441B /* SDWebImage */ = {
			isa = XCSwiftPackageProductDependency;
			package = C4808D322A83F23A00BF441B /* XCRemoteSwiftPackageReference "SDWebImage" */;
			productName = SDWebImage;
		};
		C4808D352A83F23A00BF441B /* SDWebImageMapKit */ = {
			isa = XCSwiftPackageProductDependency;
			package = C4808D322A83F23A00BF441B /* XCRemoteSwiftPackageReference "SDWebImage" */;
			productName = SDWebImageMapKit;
		};
/* End XCSwiftPackageProductDependency section */
	};
	rootObject = C46B88242A5C70F600F3F3DE /* Project object */;
}
